
Microsoft Visual Studio Solution File, Format Version 12.00
# Visual Studio Version 16
VisualStudioVersion = 16.0.30717.126
MinimumVisualStudioVersion = 10.0.40219.1
Project("{FAE04EC0-301F-11D3-BF4B-00C04F79EFBC}") = "Restaurant.Consola", "Restaurant.Consola\Restaurant.Consola.csproj", "{DF9F81DE-BC96-41AA-8B4E-E309C3C0B6FA}"
EndProject
Global
	GlobalSection(SolutionConfigurationPlatforms) = preSolution
		Debug|Any CPU = Debug|Any CPU
		Release|Any CPU = Release|Any CPU
	EndGlobalSection
	GlobalSection(ProjectConfigurationPlatforms) = postSolution
		{DF9F81DE-BC96-41AA-8B4E-E309C3C0B6FA}.Debug|Any CPU.ActiveCfg = Debug|Any CPU
		{DF9F81DE-BC96-41AA-8B4E-E309C3C0B6FA}.Debug|Any CPU.Build.0 = Debug|Any CPU
		{DF9F81DE-BC96-41AA-8B4E-E309C3C0B6FA}.Release|Any CPU.ActiveCfg = Release|Any CPU
		{DF9F81DE-BC96-41AA-8B4E-E309C3C0B6FA}.Release|Any CPU.Build.0 = Release|Any CPU
	EndGlobalSection
	GlobalSection(SolutionProperties) = preSolution
		HideSolutionNode = FALSE
	EndGlobalSection
	GlobalSection(ExtensibilityGlobals) = postSolution
		SolutionGuid = {55CB9099-B402-49DE-AFB5-FB652DEF1808}
	EndGlobalSection
EndGlobal
